
Microsoft Visual Studio Solution File, Format Version 12.00
# Visual Studio 15
VisualStudioVersion = 15.0.27428.2043
MinimumVisualStudioVersion = 10.0.40219.1
Project("{FAE04EC0-301F-11D3-BF4B-00C04F79EFBC}") = "RandomThing", "Random\RandomThing.csproj", "{36CAFD2E-DBB0-46FC-A283-71DE9C991D3C}"
EndProject
Global
	GlobalSection(SolutionConfigurationPlatforms) = preSolution
		Debug|Any CPU = Debug|Any CPU
		Release|Any CPU = Release|Any CPU
	EndGlobalSection
	GlobalSection(ProjectConfigurationPlatforms) = postSolution
		{36CAFD2E-DBB0-46FC-A283-71DE9C991D3C}.Debug|Any CPU.ActiveCfg = Debug|Any CPU
		{36CAFD2E-DBB0-46FC-A283-71DE9C991D3C}.Debug|Any CPU.Build.0 = Debug|Any CPU
		{36CAFD2E-DBB0-46FC-A283-71DE9C991D3C}.Release|Any CPU.ActiveCfg = Release|Any CPU
		{36CAFD2E-DBB0-46FC-A283-71DE9C991D3C}.Release|Any CPU.Build.0 = Release|Any CPU
	EndGlobalSection
	GlobalSection(SolutionProperties) = preSolution
		HideSolutionNode = FALSE
	EndGlobalSection
	GlobalSection(ExtensibilityGlobals) = postSolution
		SolutionGuid = {A8E405E8-64E6-45C9-8F72-B45B3419536F}
	EndGlobalSection
EndGlobal
